
Microsoft Visual Studio Solution File, Format Version 12.00
# Visual Studio 2012
Project("{FAE04EC0-301F-11D3-BF4B-00C04F79EFBC}") = "WindowsFormsApplication1", "WindowsFormsApplication1\WindowsFormsApplication1.csproj", "{209E0CCD-58DD-43E6-940E-D1E07F483F08}"
EndProject
Global
	GlobalSection(SolutionConfigurationPlatforms) = preSolution
		Debug|Any CPU = Debug|Any CPU
		Release|Any CPU = Release|Any CPU
	EndGlobalSection
	GlobalSection(ProjectConfigurationPlatforms) = postSolution
		{209E0CCD-58DD-43E6-940E-D1E07F483F08}.Debug|Any CPU.ActiveCfg = Debug|Any CPU
		{209E0CCD-58DD-43E6-940E-D1E07F483F08}.Debug|Any CPU.Build.0 = Debug|Any CPU
		{209E0CCD-58DD-43E6-940E-D1E07F483F08}.Release|Any CPU.ActiveCfg = Release|Any CPU
		{209E0CCD-58DD-43E6-940E-D1E07F483F08}.Release|Any CPU.Build.0 = Release|Any CPU
	EndGlobalSection
	GlobalSection(SolutionProperties) = preSolution
		HideSolutionNode = FALSE
	EndGlobalSection
EndGlobal
